
Microsoft Visual Studio Solution File, Format Version 12.00
# Visual Studio Version 17
VisualStudioVersion = 17.5.002.0
MinimumVisualStudioVersion = 10.0.40219.1
Project("{9A19103F-16F7-4668-BE54-9A1E7A4F7556}") = "if-statments", "if-statments.csproj", "{2D666209-8A68-437C-970F-EEEF0B425F27}"
EndProject
Global
	GlobalSection(SolutionConfigurationPlatforms) = preSolution
		Debug|Any CPU = Debug|Any CPU
		Release|Any CPU = Release|Any CPU
	EndGlobalSection
	GlobalSection(ProjectConfigurationPlatforms) = postSolution
		{2D666209-8A68-437C-970F-EEEF0B425F27}.Debug|Any CPU.ActiveCfg = Debug|Any CPU
		{2D666209-8A68-437C-970F-EEEF0B425F27}.Debug|Any CPU.Build.0 = Debug|Any CPU
		{2D666209-8A68-437C-970F-EEEF0B425F27}.Release|Any CPU.ActiveCfg = Release|Any CPU
		{2D666209-8A68-437C-970F-EEEF0B425F27}.Release|Any CPU.Build.0 = Release|Any CPU
	EndGlobalSection
	GlobalSection(SolutionProperties) = preSolution
		HideSolutionNode = FALSE
	EndGlobalSection
	GlobalSection(ExtensibilityGlobals) = postSolution
		SolutionGuid = {00DB1CC0-6502-4282-AED3-4CC3EC32A85F}
	EndGlobalSection
EndGlobal
